
Microsoft Visual Studio Solution File, Format Version 12.00
# Visual Studio Version 16
VisualStudioVersion = 16.0.808.5
MinimumVisualStudioVersion = 10.0.40219.1
Project("{FAE04EC0-301F-11D3-BF4B-00C04F79EFBC}") = "SpaceAge", "SpaceAge.csproj", "{427FB74A-268B-4157-BBF4-EEEB2A72EFD7}"
EndProject
Global
	GlobalSection(SolutionConfigurationPlatforms) = preSolution
		Debug|Any CPU = Debug|Any CPU
		Release|Any CPU = Release|Any CPU
	EndGlobalSection
	GlobalSection(ProjectConfigurationPlatforms) = postSolution
		{427FB74A-268B-4157-BBF4-EEEB2A72EFD7}.Debug|Any CPU.ActiveCfg = Debug|Any CPU
		{427FB74A-268B-4157-BBF4-EEEB2A72EFD7}.Debug|Any CPU.Build.0 = Debug|Any CPU
		{427FB74A-268B-4157-BBF4-EEEB2A72EFD7}.Release|Any CPU.ActiveCfg = Release|Any CPU
		{427FB74A-268B-4157-BBF4-EEEB2A72EFD7}.Release|Any CPU.Build.0 = Release|Any CPU
	EndGlobalSection
	GlobalSection(SolutionProperties) = preSolution
		HideSolutionNode = FALSE
	EndGlobalSection
	GlobalSection(ExtensibilityGlobals) = postSolution
		SolutionGuid = {E6C290D4-12ED-41C1-BADA-969DD511BBAD}
	EndGlobalSection
EndGlobal
